
Microsoft Visual Studio Solution File, Format Version 10.00
# Visual Studio 2008
Project("{8BC9CEB8-8B4A-11D0-8D11-00A0C91BC942}") = "BiffBamBlammo", "BiffBamBlammo.vcproj", "{8678CEF2-B783-4BC0-90DD-DB71854CF646}"
	ProjectSection(ProjectDependencies) = postProject
		{7CCD6C55-B859-4732-BBFF-4CC2272D7D6B} = {7CCD6C55-B859-4732-BBFF-4CC2272D7D6B}
		{F88BF4AD-F36B-4E49-A961-A0C239660D08} = {F88BF4AD-F36B-4E49-A961-A0C239660D08}
	EndProjectSection
EndProject
Project("{8BC9CEB8-8B4A-11D0-8D11-00A0C91BC942}") = "BlammoEngine", "BlammoEngine.vcproj", "{7CCD6C55-B859-4732-BBFF-4CC2272D7D6B}"
EndProject
Project("{8BC9CEB8-8B4A-11D0-8D11-00A0C91BC942}") = "ESPEngine", "ESPEngine.vcproj", "{F88BF4AD-F36B-4E49-A961-A0C239660D08}"
	ProjectSection(ProjectDependencies) = postProject
		{7CCD6C55-B859-4732-BBFF-4CC2272D7D6B} = {7CCD6C55-B859-4732-BBFF-4CC2272D7D6B}
	EndProjectSection
EndProject
Global
	GlobalSection(SolutionConfigurationPlatforms) = preSolution
		Debug|Win32 = Debug|Win32
		Release|Win32 = Release|Win32
	EndGlobalSection
	GlobalSection(ProjectConfigurationPlatforms) = postSolution
		{8678CEF2-B783-4BC0-90DD-DB71854CF646}.Debug|Win32.ActiveCfg = Debug|Win32
		{8678CEF2-B783-4BC0-90DD-DB71854CF646}.Debug|Win32.Build.0 = Debug|Win32
		{8678CEF2-B783-4BC0-90DD-DB71854CF646}.Release|Win32.ActiveCfg = Release|Win32
		{8678CEF2-B783-4BC0-90DD-DB71854CF646}.Release|Win32.Build.0 = Release|Win32
		{7CCD6C55-B859-4732-BBFF-4CC2272D7D6B}.Debug|Win32.ActiveCfg = Debug|Win32
		{7CCD6C55-B859-4732-BBFF-4CC2272D7D6B}.Debug|Win32.Build.0 = Debug|Win32
		{7CCD6C55-B859-4732-BBFF-4CC2272D7D6B}.Release|Win32.ActiveCfg = Release|Win32
		{7CCD6C55-B859-4732-BBFF-4CC2272D7D6B}.Release|Win32.Build.0 = Release|Win32
		{F88BF4AD-F36B-4E49-A961-A0C239660D08}.Debug|Win32.ActiveCfg = Debug|Win32
		{F88BF4AD-F36B-4E49-A961-A0C239660D08}.Debug|Win32.Build.0 = Debug|Win32
		{F88BF4AD-F36B-4E49-A961-A0C239660D08}.Release|Win32.ActiveCfg = Release|Win32
		{F88BF4AD-F36B-4E49-A961-A0C239660D08}.Release|Win32.Build.0 = Release|Win32
	EndGlobalSection
	GlobalSection(SolutionProperties) = preSolution
		HideSolutionNode = FALSE
	EndGlobalSection
EndGlobal
